# This file is automatically @generated by Cargo.
# It is not intended for manual editing.
version = 3

[[package]]
name = "cellgov_cli"
version = "0.0.0"
dependencies = [
 "cellgov_testkit",
 "cellgov_trace",
]

[[package]]
name = "cellgov_core"
version = "0.0.0"
dependencies = [
 "cellgov_dma",
 "cellgov_effects",
 "cellgov_event",
 "cellgov_exec",
 "cellgov_mem",
 "cellgov_sync",
 "cellgov_time",
 "cellgov_trace",
]

[[package]]
name = "cellgov_dma"
version = "0.0.0"
dependencies = [
 "cellgov_event",
 "cellgov_mem",
 "cellgov_time",
]

[[package]]
name = "cellgov_effects"
version = "0.0.0"
dependencies = [
 "cellgov_dma",
 "cellgov_event",
 "cellgov_mem",
 "cellgov_sync",
 "cellgov_time",
]

[[package]]
name = "cellgov_event"
version = "0.0.0"
dependencies = [
 "cellgov_time",
]

[[package]]
name = "cellgov_exec"
version = "0.0.0"
dependencies = [
 "cellgov_dma",
 "cellgov_effects",
 "cellgov_event",
 "cellgov_mem",
 "cellgov_sync",
 "cellgov_time",
]

[[package]]
name = "cellgov_mem"
version = "0.0.0"
dependencies = [
 "cellgov_time",
]

[[package]]
name = "cellgov_sync"
version = "0.0.0"
dependencies = [
 "cellgov_event",
 "cellgov_time",
]

[[package]]
name = "cellgov_testkit"
version = "0.0.0"
dependencies = [
 "cellgov_core",
 "cellgov_dma",
 "cellgov_effects",
 "cellgov_event",
 "cellgov_exec",
 "cellgov_mem",
 "cellgov_sync",
 "cellgov_time",
 "cellgov_trace",
]

[[package]]
name = "cellgov_time"
version = "0.0.0"

[[package]]
name = "cellgov_trace"
version = "0.0.0"
dependencies = [
 "cellgov_effects",
 "cellgov_event",
 "cellgov_time",
]
